// !$*UTF8*$!
{
	archiveVersion = 1;
	classes = {
	};
	objectVersion = 56;
	objects = {

/* Begin PBXBuildFile section */
		D70A8E7A2C98DEAD00FA5934 /* AppDelegate.swift in Sources */ = {isa = PBXBuildFile; fileRef = D70A8E792C98DEAD00FA5934 /* AppDelegate.swift */; };
		D70A8E7C2C98DEAD00FA5934 /* SceneDelegate.swift in Sources */ = {isa = PBXBuildFile; fileRef = D70A8E7B2C98DEAD00FA5934 /* SceneDelegate.swift */; };
		D70A8E7E2C98DEAD00FA5934 /* ViewController.swift in Sources */ = {isa = PBXBuildFile; fileRef = D70A8E7D2C98DEAD00FA5934 /* ViewController.swift */; };
		D70A8E812C98DEAD00FA5934 /* Base in Resources */ = {isa = PBXBuildFile; fileRef = D70A8E802C98DEAD00FA5934 /* Base */; };
		D70A8E832C98DEAE00FA5934 /* Assets.xcassets in Resources */ = {isa = PBXBuildFile; fileRef = D70A8E822C98DEAE00FA5934 /* Assets.xcassets */; };
		D70A8E862C98DEAE00FA5934 /* Base in Resources */ = {isa = PBXBuildFile; fileRef = D70A8E852C98DEAE00FA5934 /* Base */; };
		D70A8E912C98DEAE00FA5934 /* WeatherAppTests.swift in Sources */ = {isa = PBXBuildFile; fileRef = D70A8E902C98DEAE00FA5934 /* WeatherAppTests.swift */; };
		D70A8E9B2C98DEAE00FA5934 /* WeatherAppUITests.swift in Sources */ = {isa = PBXBuildFile; fileRef = D70A8E9A2C98DEAE00FA5934 /* WeatherAppUITests.swift */; };
		D70A8E9D2C98DEAE00FA5934 /* WeatherAppUITestsLaunchTests.swift in Sources */ = {isa = PBXBuildFile; fileRef = D70A8E9C2C98DEAE00FA5934 /* WeatherAppUITestsLaunchTests.swift */; };
		D70A8EAA2C98DF6300FA5934 /* AppCoordinator.swift in Sources */ = {isa = PBXBuildFile; fileRef = D70A8EA92C98DF6300FA5934 /* AppCoordinator.swift */; };
		D70A8EAC2C98DF8200FA5934 /* WeatherCoordinator.swift in Sources */ = {isa = PBXBuildFile; fileRef = D70A8EAB2C98DF8200FA5934 /* WeatherCoordinator.swift */; };
		D70A8EAE2C98DFBB00FA5934 /* Weather.swift in Sources */ = {isa = PBXBuildFile; fileRef = D70A8EAD2C98DFBB00FA5934 /* Weather.swift */; };
		D70A8EB02C98DFDC00FA5934 /* WeatherService.swift in Sources */ = {isa = PBXBuildFile; fileRef = D70A8EAF2C98DFDC00FA5934 /* WeatherService.swift */; };
		D70A8EB22C98DFF900FA5934 /* WeatherViewModel.swift in Sources */ = {isa = PBXBuildFile; fileRef = D70A8EB12C98DFF900FA5934 /* WeatherViewModel.swift */; };
		D70A8EB42C98E01600FA5934 /* WeatherViewController.swift in Sources */ = {isa = PBXBuildFile; fileRef = D70A8EB32C98E01600FA5934 /* WeatherViewController.swift */; };
		D70A8EB62C98E03100FA5934 /* WeatherView.swift in Sources */ = {isa = PBXBuildFile; fileRef = D70A8EB52C98E03100FA5934 /* WeatherView.swift */; };
		D70A8EB82C98E0CE00FA5934 /* WeatherRow.swift in Sources */ = {isa = PBXBuildFile; fileRef = D70A8EB72C98E0CE00FA5934 /* WeatherRow.swift */; };
		D70A8EBA2C98E0E800FA5934 /* ImageCache.swift in Sources */ = {isa = PBXBuildFile; fileRef = D70A8EB92C98E0E800FA5934 /* ImageCache.swift */; };
		D70A8EBC2C98E11400FA5934 /* LocationManager.swift in Sources */ = {isa = PBXBuildFile; fileRef = D70A8EBB2C98E11400FA5934 /* LocationManager.swift */; };
		D70A8EBE2C98E18100FA5934 /* WeatherViewModelTests.swift in Sources */ = {isa = PBXBuildFile; fileRef = D70A8EBD2C98E18100FA5934 /* WeatherViewModelTests.swift */; };
		D70A8EC12C98E20000FA5934 /* MockWeatherService.swift in Sources */ = {isa = PBXBuildFile; fileRef = D70A8EBF2C98E19B00FA5934 /* MockWeatherService.swift */; };
		D70A8EC42C98E45F00FA5934 /* Config.swift in Sources */ = {isa = PBXBuildFile; fileRef = D70A8EC32C98E45F00FA5934 /* Config.swift */; };
		D70A8ECC2C98F0EC00FA5934 /* KeychainWrapper.swift in Sources */ = {isa = PBXBuildFile; fileRef = D70A8ECB2C98F0EC00FA5934 /* KeychainWrapper.swift */; };
/* End PBXBuildFile section */

/* Begin PBXContainerItemProxy section */
		D70A8E8D2C98DEAE00FA5934 /* PBXContainerItemProxy */ = {
			isa = PBXContainerItemProxy;
			containerPortal = D70A8E6E2C98DEAD00FA5934 /* Project object */;
			proxyType = 1;
			remoteGlobalIDString = D70A8E752C98DEAD00FA5934;
			remoteInfo = WeatherApp;
		};
		D70A8E972C98DEAE00FA5934 /* PBXContainerItemProxy */ = {
			isa = PBXContainerItemProxy;
			containerPortal = D70A8E6E2C98DEAD00FA5934 /* Project object */;
			proxyType = 1;
			remoteGlobalIDString = D70A8E752C98DEAD00FA5934;
			remoteInfo = WeatherApp;
		};
/* End PBXContainerItemProxy section */

/* Begin PBXFileReference section */
		D70A8E762C98DEAD00FA5934 /* WeatherApp.app */ = {isa = PBXFileReference; explicitFileType = wrapper.application; includeInIndex = 0; path = WeatherApp.app; sourceTree = BUILT_PRODUCTS_DIR; };
		D70A8E792C98DEAD00FA5934 /* AppDelegate.swift */ = {isa = PBXFileReference; lastKnownFileType = sourcecode.swift; path = AppDelegate.swift; sourceTree = "<group>"; };
		D70A8E7B2C98DEAD00FA5934 /* SceneDelegate.swift */ = {isa = PBXFileReference; lastKnownFileType = sourcecode.swift; path = SceneDelegate.swift; sourceTree = "<group>"; };
		D70A8E7D2C98DEAD00FA5934 /* ViewController.swift */ = {isa = PBXFileReference; lastKnownFileType = sourcecode.swift; path = ViewController.swift; sourceTree = "<group>"; };
		D70A8E802C98DEAD00FA5934 /* Base */ = {isa = PBXFileReference; lastKnownFileType = file.storyboard; name = Base; path = Base.lproj/Main.storyboard; sourceTree = "<group>"; };
		D70A8E822C98DEAE00FA5934 /* Assets.xcassets */ = {isa = PBXFileReference; lastKnownFileType = folder.assetcatalog; path = Assets.xcassets; sourceTree = "<group>"; };
		D70A8E852C98DEAE00FA5934 /* Base */ = {isa = PBXFileReference; lastKnownFileType = file.storyboard; name = Base; path = Base.lproj/LaunchScreen.storyboard; sourceTree = "<group>"; };
		D70A8E872C98DEAE00FA5934 /* Info.plist */ = {isa = PBXFileReference; lastKnownFileType = text.plist.xml; path = Info.plist; sourceTree = "<group>"; };
		D70A8E8C2C98DEAE00FA5934 /* WeatherAppTests.xctest */ = {isa = PBXFileReference; explicitFileType = wrapper.cfbundle; includeInIndex = 0; path = WeatherAppTests.xctest; sourceTree = BUILT_PRODUCTS_DIR; };
		D70A8E902C98DEAE00FA5934 /* WeatherAppTests.swift */ = {isa = PBXFileReference; lastKnownFileType = sourcecode.swift; path = WeatherAppTests.swift; sourceTree = "<group>"; };
		D70A8E962C98DEAE00FA5934 /* WeatherAppUITests.xctest */ = {isa = PBXFileReference; explicitFileType = wrapper.cfbundle; includeInIndex = 0; path = WeatherAppUITests.xctest; sourceTree = BUILT_PRODUCTS_DIR; };
		D70A8E9A2C98DEAE00FA5934 /* WeatherAppUITests.swift */ = {isa = PBXFileReference; lastKnownFileType = sourcecode.swift; path = WeatherAppUITests.swift; sourceTree = "<group>"; };
		D70A8E9C2C98DEAE00FA5934 /* WeatherAppUITestsLaunchTests.swift */ = {isa = PBXFileReference; lastKnownFileType = sourcecode.swift; path = WeatherAppUITestsLaunchTests.swift; sourceTree = "<group>"; };
		D70A8EA92C98DF6300FA5934 /* AppCoordinator.swift */ = {isa = PBXFileReference; lastKnownFileType = sourcecode.swift; path = AppCoordinator.swift; sourceTree = "<group>"; };
		D70A8EAB2C98DF8200FA5934 /* WeatherCoordinator.swift */ = {isa = PBXFileReference; lastKnownFileType = sourcecode.swift; path = WeatherCoordinator.swift; sourceTree = "<group>"; };
		D70A8EAD2C98DFBB00FA5934 /* Weather.swift */ = {isa = PBXFileReference; lastKnownFileType = sourcecode.swift; path = Weather.swift; sourceTree = "<group>"; };
		D70A8EAF2C98DFDC00FA5934 /* WeatherService.swift */ = {isa = PBXFileReference; lastKnownFileType = sourcecode.swift; path = WeatherService.swift; sourceTree = "<group>"; };
		D70A8EB12C98DFF900FA5934 /* WeatherViewModel.swift */ = {isa = PBXFileReference; lastKnownFileType = sourcecode.swift; path = WeatherViewModel.swift; sourceTree = "<group>"; };
		D70A8EB32C98E01600FA5934 /* WeatherViewController.swift */ = {isa = PBXFileReference; lastKnownFileType = sourcecode.swift; path = WeatherViewController.swift; sourceTree = "<group>"; };
		D70A8EB52C98E03100FA5934 /* WeatherView.swift */ = {isa = PBXFileReference; lastKnownFileType = sourcecode.swift; path = WeatherView.swift; sourceTree = "<group>"; };
		D70A8EB72C98E0CE00FA5934 /* WeatherRow.swift */ = {isa = PBXFileReference; lastKnownFileType = sourcecode.swift; path = WeatherRow.swift; sourceTree = "<group>"; };
		D70A8EB92C98E0E800FA5934 /* ImageCache.swift */ = {isa = PBXFileReference; lastKnownFileType = sourcecode.swift; path = ImageCache.swift; sourceTree = "<group>"; };
		D70A8EBB2C98E11400FA5934 /* LocationManager.swift */ = {isa = PBXFileReference; lastKnownFileType = sourcecode.swift; path = LocationManager.swift; sourceTree = "<group>"; };
		D70A8EBD2C98E18100FA5934 /* WeatherViewModelTests.swift */ = {isa = PBXFileReference; lastKnownFileType = sourcecode.swift; path = WeatherViewModelTests.swift; sourceTree = "<group>"; };
		D70A8EBF2C98E19B00FA5934 /* MockWeatherService.swift */ = {isa = PBXFileReference; lastKnownFileType = sourcecode.swift; path = MockWeatherService.swift; sourceTree = "<group>"; };
		D70A8EC32C98E45F00FA5934 /* Config.swift */ = {isa = PBXFileReference; lastKnownFileType = sourcecode.swift; path = Config.swift; sourceTree = "<group>"; };
		D70A8ECB2C98F0EC00FA5934 /* KeychainWrapper.swift */ = {isa = PBXFileReference; lastKnownFileType = sourcecode.swift; path = KeychainWrapper.swift; sourceTree = "<group>"; };
/* End PBXFileReference section */

/* Begin PBXFrameworksBuildPhase section */
		D70A8E732C98DEAD00FA5934 /* Frameworks */ = {
			isa = PBXFrameworksBuildPhase;
			buildActionMask = 2147483647;
			files = (
			);
			runOnlyForDeploymentPostprocessing = 0;
		};
		D70A8E892C98DEAE00FA5934 /* Frameworks */ = {
			isa = PBXFrameworksBuildPhase;
			buildActionMask = 2147483647;
			files = (
			);
			runOnlyForDeploymentPostprocessing = 0;
		};
		D70A8E932C98DEAE00FA5934 /* Frameworks */ = {
			isa = PBXFrameworksBuildPhase;
			buildActionMask = 2147483647;
			files = (
			);
			runOnlyForDeploymentPostprocessing = 0;
		};
/* End PBXFrameworksBuildPhase section */

/* Begin PBXGroup section */
		D70A8E6D2C98DEAD00FA5934 = {
			isa = PBXGroup;
			children = (
				D70A8E782C98DEAD00FA5934 /* WeatherApp */,
				D70A8E8F2C98DEAE00FA5934 /* WeatherAppTests */,
				D70A8E992C98DEAE00FA5934 /* WeatherAppUITests */,
				D70A8E772C98DEAD00FA5934 /* Products */,
			);
			sourceTree = "<group>";
		};
		D70A8E772C98DEAD00FA5934 /* Products */ = {
			isa = PBXGroup;
			children = (
				D70A8E762C98DEAD00FA5934 /* WeatherApp.app */,
				D70A8E8C2C98DEAE00FA5934 /* WeatherAppTests.xctest */,
				D70A8E962C98DEAE00FA5934 /* WeatherAppUITests.xctest */,
			);
			name = Products;
			sourceTree = "<group>";
		};
		D70A8E782C98DEAD00FA5934 /* WeatherApp */ = {
			isa = PBXGroup;
			children = (
				D70A8E7B2C98DEAD00FA5934 /* SceneDelegate.swift */,
				D70A8E792C98DEAD00FA5934 /* AppDelegate.swift */,
				D70A8EC52C98E64400FA5934 /* Coordinator */,
				D70A8EC62C98E65A00FA5934 /* Model */,
				D70A8EC72C98E66000FA5934 /* ViewModel */,
				D70A8EC82C98E68000FA5934 /* View */,
				D70A8EC92C98E68E00FA5934 /* Resources */,
				D70A8ECA2C98E69500FA5934 /* Managers */,
				D70A8E7D2C98DEAD00FA5934 /* ViewController.swift */,
				D70A8EBF2C98E19B00FA5934 /* MockWeatherService.swift */,
				D70A8ECB2C98F0EC00FA5934 /* KeychainWrapper.swift */,
				D70A8EC32C98E45F00FA5934 /* Config.swift */,
				D70A8E7F2C98DEAD00FA5934 /* Main.storyboard */,
				D70A8E822C98DEAE00FA5934 /* Assets.xcassets */,
				D70A8E842C98DEAE00FA5934 /* LaunchScreen.storyboard */,
				D70A8E872C98DEAE00FA5934 /* Info.plist */,
			);
			path = WeatherApp;
			sourceTree = "<group>";
		};
		D70A8E8F2C98DEAE00FA5934 /* WeatherAppTests */ = {
			isa = PBXGroup;
			children = (
				D70A8E902C98DEAE00FA5934 /* WeatherAppTests.swift */,
				D70A8EBD2C98E18100FA5934 /* WeatherViewModelTests.swift */,
			);
			path = WeatherAppTests;
			sourceTree = "<group>";
		};
		D70A8E992C98DEAE00FA5934 /* WeatherAppUITests */ = {
			isa = PBXGroup;
			children = (
				D70A8E9A2C98DEAE00FA5934 /* WeatherAppUITests.swift */,
				D70A8E9C2C98DEAE00FA5934 /* WeatherAppUITestsLaunchTests.swift */,
			);
			path = WeatherAppUITests;
			sourceTree = "<group>";
		};
		D70A8EC52C98E64400FA5934 /* Coordinator */ = {
			isa = PBXGroup;
			children = (
				D70A8EAB2C98DF8200FA5934 /* WeatherCoordinator.swift */,
				D70A8EA92C98DF6300FA5934 /* AppCoordinator.swift */,
			);
			path = Coordinator;
			sourceTree = "<group>";
		};
		D70A8EC62C98E65A00FA5934 /* Model */ = {
			isa = PBXGroup;
			children = (
				D70A8EAF2C98DFDC00FA5934 /* WeatherService.swift */,
				D70A8EAD2C98DFBB00FA5934 /* Weather.swift */,
			);
			path = Model;
			sourceTree = "<group>";
		};
		D70A8EC72C98E66000FA5934 /* ViewModel */ = {
			isa = PBXGroup;
			children = (
				D70A8EB12C98DFF900FA5934 /* WeatherViewModel.swift */,
			);
			path = ViewModel;
			sourceTree = "<group>";
		};
		D70A8EC82C98E68000FA5934 /* View */ = {
			isa = PBXGroup;
			children = (
				D70A8EB32C98E01600FA5934 /* WeatherViewController.swift */,
				D70A8EB72C98E0CE00FA5934 /* WeatherRow.swift */,
				D70A8EB52C98E03100FA5934 /* WeatherView.swift */,
			);
			path = View;
			sourceTree = "<group>";
		};
		D70A8EC92C98E68E00FA5934 /* Resources */ = {
			isa = PBXGroup;
			children = (
			);
			path = Resources;
			sourceTree = "<group>";
		};
		D70A8ECA2C98E69500FA5934 /* Managers */ = {
			isa = PBXGroup;
			children = (
				D70A8EBB2C98E11400FA5934 /* LocationManager.swift */,
				D70A8EB92C98E0E800FA5934 /* ImageCache.swift */,
			);
			path = Managers;
			sourceTree = "<group>";
		};
/* End PBXGroup section */

/* Begin PBXNativeTarget section */
		D70A8E752C98DEAD00FA5934 /* WeatherApp */ = {
			isa = PBXNativeTarget;
			buildConfigurationList = D70A8EA02C98DEAE00FA5934 /* Build configuration list for PBXNativeTarget "WeatherApp" */;
			buildPhases = (
				D70A8E722C98DEAD00FA5934 /* Sources */,
				D70A8E732C98DEAD00FA5934 /* Frameworks */,
				D70A8E742C98DEAD00FA5934 /* Resources */,
			);
			buildRules = (
			);
			dependencies = (
			);
			name = WeatherApp;
			productName = WeatherApp;
			productReference = D70A8E762C98DEAD00FA5934 /* WeatherApp.app */;
			productType = "com.apple.product-type.application";
		};
		D70A8E8B2C98DEAE00FA5934 /* WeatherAppTests */ = {
			isa = PBXNativeTarget;
			buildConfigurationList = D70A8EA32C98DEAE00FA5934 /* Build configuration list for PBXNativeTarget "WeatherAppTests" */;
			buildPhases = (
				D70A8E882C98DEAE00FA5934 /* Sources */,
				D70A8E892C98DEAE00FA5934 /* Frameworks */,
				D70A8E8A2C98DEAE00FA5934 /* Resources */,
			);
			buildRules = (
			);
			dependencies = (
				D70A8E8E2C98DEAE00FA5934 /* PBXTargetDependency */,
			);
			name = WeatherAppTests;
			productName = WeatherAppTests;
			productReference = D70A8E8C2C98DEAE00FA5934 /* WeatherAppTests.xctest */;
			productType = "com.apple.product-type.bundle.unit-test";
		};
		D70A8E952C98DEAE00FA5934 /* WeatherAppUITests */ = {
			isa = PBXNativeTarget;
			buildConfigurationList = D70A8EA62C98DEAE00FA5934 /* Build configuration list for PBXNativeTarget "WeatherAppUITests" */;
			buildPhases = (
				D70A8E922C98DEAE00FA5934 /* Sources */,
				D70A8E932C98DEAE00FA5934 /* Frameworks */,
				D70A8E942C98DEAE00FA5934 /* Resources */,
			);
			buildRules = (
			);
			dependencies = (
				D70A8E982C98DEAE00FA5934 /* PBXTargetDependency */,
			);
			name = WeatherAppUITests;
			productName = WeatherAppUITests;
			productReference = D70A8E962C98DEAE00FA5934 /* WeatherAppUITests.xctest */;
			productType = "com.apple.product-type.bundle.ui-testing";
		};
/* End PBXNativeTarget section */

/* Begin PBXProject section */
		D70A8E6E2C98DEAD00FA5934 /* Project object */ = {
			isa = PBXProject;
			attributes = {
				BuildIndependentTargetsInParallel = 1;
				LastSwiftUpdateCheck = 1540;
				LastUpgradeCheck = 1540;
				TargetAttributes = {
					D70A8E752C98DEAD00FA5934 = {
						CreatedOnToolsVersion = 15.4;
					};
					D70A8E8B2C98DEAE00FA5934 = {
						CreatedOnToolsVersion = 15.4;
						TestTargetID = D70A8E752C98DEAD00FA5934;
					};
					D70A8E952C98DEAE00FA5934 = {
						CreatedOnToolsVersion = 15.4;
						TestTargetID = D70A8E752C98DEAD00FA5934;
					};
				};
			};
			buildConfigurationList = D70A8E712C98DEAD00FA5934 /* Build configuration list for PBXProject "WeatherApp" */;
			compatibilityVersion = "Xcode 14.0";
			developmentRegion = en;
			hasScannedForEncodings = 0;
			knownRegions = (
				en,
				Base,
			);
			mainGroup = D70A8E6D2C98DEAD00FA5934;
			productRefGroup = D70A8E772C98DEAD00FA5934 /* Products */;
			projectDirPath = "";
			projectRoot = "";
			targets = (
				D70A8E752C98DEAD00FA5934 /* WeatherApp */,
				D70A8E8B2C98DEAE00FA5934 /* WeatherAppTests */,
				D70A8E952C98DEAE00FA5934 /* WeatherAppUITests */,
			);
		};
/* End PBXProject section */

/* Begin PBXResourcesBuildPhase section */
		D70A8E742C98DEAD00FA5934 /* Resources */ = {
			isa = PBXResourcesBuildPhase;
			buildActionMask = 2147483647;
			files = (
				D70A8E832C98DEAE00FA5934 /* Assets.xcassets in Resources */,
				D70A8E862C98DEAE00FA5934 /* Base in Resources */,
				D70A8E812C98DEAD00FA5934 /* Base in Resources */,
			);
			runOnlyForDeploymentPostprocessing = 0;
		};
		D70A8E8A2C98DEAE00FA5934 /* Resources */ = {
			isa = PBXResourcesBuildPhase;
			buildActionMask = 2147483647;
			files = (
			);
			runOnlyForDeploymentPostprocessing = 0;
		};
		D70A8E942C98DEAE00FA5934 /* Resources */ = {
			isa = PBXResourcesBuildPhase;
			buildActionMask = 2147483647;
			files = (
			);
			runOnlyForDeploymentPostprocessing = 0;
		};
/* End PBXResourcesBuildPhase section */

/* Begin PBXSourcesBuildPhase section */
		D70A8E722C98DEAD00FA5934 /* Sources */ = {
			isa = PBXSourcesBuildPhase;
			buildActionMask = 2147483647;
			files = (
				D70A8EB82C98E0CE00FA5934 /* WeatherRow.swift in Sources */,
				D70A8EAC2C98DF8200FA5934 /* WeatherCoordinator.swift in Sources */,
				D70A8EC42C98E45F00FA5934 /* Config.swift in Sources */,
				D70A8EB42C98E01600FA5934 /* WeatherViewController.swift in Sources */,
				D70A8EAA2C98DF6300FA5934 /* AppCoordinator.swift in Sources */,
				D70A8E7E2C98DEAD00FA5934 /* ViewController.swift in Sources */,
				D70A8E7A2C98DEAD00FA5934 /* AppDelegate.swift in Sources */,
				D70A8EBA2C98E0E800FA5934 /* ImageCache.swift in Sources */,
				D70A8EB62C98E03100FA5934 /* WeatherView.swift in Sources */,
				D70A8EAE2C98DFBB00FA5934 /* Weather.swift in Sources */,
				D70A8EB22C98DFF900FA5934 /* WeatherViewModel.swift in Sources */,
				D70A8EC12C98E20000FA5934 /* MockWeatherService.swift in Sources */,
				D70A8E7C2C98DEAD00FA5934 /* SceneDelegate.swift in Sources */,
				D70A8ECC2C98F0EC00FA5934 /* KeychainWrapper.swift in Sources */,
				D70A8EB02C98DFDC00FA5934 /* WeatherService.swift in Sources */,
				D70A8EBC2C98E11400FA5934 /* LocationManager.swift in Sources */,
			);
			runOnlyForDeploymentPostprocessing = 0;
		};
		D70A8E882C98DEAE00FA5934 /* Sources */ = {
			isa = PBXSourcesBuildPhase;
			buildActionMask = 2147483647;
			files = (
				D70A8E912C98DEAE00FA5934 /* WeatherAppTests.swift in Sources */,
				D70A8EBE2C98E18100FA5934 /* WeatherViewModelTests.swift in Sources */,
			);
			runOnlyForDeploymentPostprocessing = 0;
		};
		D70A8E922C98DEAE00FA5934 /* Sources */ = {
			isa = PBXSourcesBuildPhase;
			buildActionMask = 2147483647;
			files = (
				D70A8E9B2C98DEAE00FA5934 /* WeatherAppUITests.swift in Sources */,
				D70A8E9D2C98DEAE00FA5934 /* WeatherAppUITestsLaunchTests.swift in Sources */,
			);
			runOnlyForDeploymentPostprocessing = 0;
		};
/* End PBXSourcesBuildPhase section */

/* Begin PBXTargetDependency section */
		D70A8E8E2C98DEAE00FA5934 /* PBXTargetDependency */ = {
			isa = PBXTargetDependency;
			target = D70A8E752C98DEAD00FA5934 /* WeatherApp */;
			targetProxy = D70A8E8D2C98DEAE00FA5934 /* PBXContainerItemProxy */;
		};
		D70A8E982C98DEAE00FA5934 /* PBXTargetDependency */ = {
			isa = PBXTargetDependency;
			target = D70A8E752C98DEAD00FA5934 /* WeatherApp */;
			targetProxy = D70A8E972C98DEAE00FA5934 /* PBXContainerItemProxy */;
		};
/* End PBXTargetDependency section */

/* Begin PBXVariantGroup section */
		D70A8E7F2C98DEAD00FA5934 /* Main.storyboard */ = {
			isa = PBXVariantGroup;
			children = (
				D70A8E802C98DEAD00FA5934 /* Base */,
			);
			name = Main.storyboard;
			sourceTree = "<group>";
		};
		D70A8E842C98DEAE00FA5934 /* LaunchScreen.storyboard */ = {
			isa = PBXVariantGroup;
			children = (
				D70A8E852C98DEAE00FA5934 /* Base */,
			);
			name = LaunchScreen.storyboard;
			sourceTree = "<group>";
		};
/* End PBXVariantGroup section */

/* Begin XCBuildConfiguration section */
		D70A8E9E2C98DEAE00FA5934 /* Debug */ = {
			isa = XCBuildConfiguration;
			buildSettings = {
				ALWAYS_SEARCH_USER_PATHS = NO;
				ASSETCATALOG_COMPILER_GENERATE_SWIFT_ASSET_SYMBOL_EXTENSIONS = YES;
				CLANG_ANALYZER_NONNULL = YES;
				CLANG_ANALYZER_NUMBER_OBJECT_CONVERSION = YES_AGGRESSIVE;
				CLANG_CXX_LANGUAGE_STANDARD = "gnu++20";
				CLANG_ENABLE_MODULES = YES;
				CLANG_ENABLE_OBJC_ARC = YES;
				CLANG_ENABLE_OBJC_WEAK = YES;
				CLANG_WARN_BLOCK_CAPTURE_AUTORELEASING = YES;
				CLANG_WARN_BOOL_CONVERSION = YES;
				CLANG_WARN_COMMA = YES;
				CLANG_WARN_CONSTANT_CONVERSION = YES;
				CLANG_WARN_DEPRECATED_OBJC_IMPLEMENTATIONS = YES;
				CLANG_WARN_DIRECT_OBJC_ISA_USAGE = YES_ERROR;
				CLANG_WARN_DOCUMENTATION_COMMENTS = YES;
				CLANG_WARN_EMPTY_BODY = YES;
				CLANG_WARN_ENUM_CONVERSION = YES;
				CLANG_WARN_INFINITE_RECURSION = YES;
				CLANG_WARN_INT_CONVERSION = YES;
				CLANG_WARN_NON_LITERAL_NULL_CONVERSION = YES;
				CLANG_WARN_OBJC_IMPLICIT_RETAIN_SELF = YES;
				CLANG_WARN_OBJC_LITERAL_CONVERSION = YES;
				CLANG_WARN_OBJC_ROOT_CLASS = YES_ERROR;
				CLANG_WARN_QUOTED_INCLUDE_IN_FRAMEWORK_HEADER = YES;
				CLANG_WARN_RANGE_LOOP_ANALYSIS = YES;
				CLANG_WARN_STRICT_PROTOTYPES = YES;
				CLANG_WARN_SUSPICIOUS_MOVE = YES;
				CLANG_WARN_UNGUARDED_AVAILABILITY = YES_AGGRESSIVE;
				CLANG_WARN_UNREACHABLE_CODE = YES;
				CLANG_WARN__DUPLICATE_METHOD_MATCH = YES;
				COPY_PHASE_STRIP = NO;
				DEBUG_INFORMATION_FORMAT = dwarf;
				ENABLE_STRICT_OBJC_MSGSEND = YES;
				ENABLE_TESTABILITY = YES;
				ENABLE_USER_SCRIPT_SANDBOXING = YES;
				GCC_C_LANGUAGE_STANDARD = gnu17;
				GCC_DYNAMIC_NO_PIC = NO;
				GCC_NO_COMMON_BLOCKS = YES;
				GCC_OPTIMIZATION_LEVEL = 0;
				GCC_PREPROCESSOR_DEFINITIONS = (
					"DEBUG=1",
					"$(inherited)",
				);
				GCC_WARN_64_TO_32_BIT_CONVERSION = YES;
				GCC_WARN_ABOUT_RETURN_TYPE = YES_ERROR;
				GCC_WARN_UNDECLARED_SELECTOR = YES;
				GCC_WARN_UNINITIALIZED_AUTOS = YES_AGGRESSIVE;
				GCC_WARN_UNUSED_FUNCTION = YES;
				GCC_WARN_UNUSED_VARIABLE = YES;
				IPHONEOS_DEPLOYMENT_TARGET = 17.5;
				LOCALIZATION_PREFERS_STRING_CATALOGS = YES;
				MTL_ENABLE_DEBUG_INFO = INCLUDE_SOURCE;
				MTL_FAST_MATH = YES;
				ONLY_ACTIVE_ARCH = YES;
				SDKROOT = iphoneos;
				SWIFT_ACTIVE_COMPILATION_CONDITIONS = "DEBUG $(inherited)";
				SWIFT_OPTIMIZATION_LEVEL = "-Onone";
			};
			name = Debug;
		};
		D70A8E9F2C98DEAE00FA5934 /* Release */ = {
			isa = XCBuildConfiguration;
			buildSettings = {
				ALWAYS_SEARCH_USER_PATHS = NO;
				ASSETCATALOG_COMPILER_GENERATE_SWIFT_ASSET_SYMBOL_EXTENSIONS = YES;
				CLANG_ANALYZER_NONNULL = YES;
				CLANG_ANALYZER_NUMBER_OBJECT_CONVERSION = YES_AGGRESSIVE;
				CLANG_CXX_LANGUAGE_STANDARD = "gnu++20";
				CLANG_ENABLE_MODULES = YES;
				CLANG_ENABLE_OBJC_ARC = YES;
				CLANG_ENABLE_OBJC_WEAK = YES;
				CLANG_WARN_BLOCK_CAPTURE_AUTORELEASING = YES;
				CLANG_WARN_BOOL_CONVERSION = YES;
				CLANG_WARN_COMMA = YES;
				CLANG_WARN_CONSTANT_CONVERSION = YES;
				CLANG_WARN_DEPRECATED_OBJC_IMPLEMENTATIONS = YES;
				CLANG_WARN_DIRECT_OBJC_ISA_USAGE = YES_ERROR;
				CLANG_WARN_DOCUMENTATION_COMMENTS = YES;
				CLANG_WARN_EMPTY_BODY = YES;
				CLANG_WARN_ENUM_CONVERSION = YES;
				CLANG_WARN_INFINITE_RECURSION = YES;
				CLANG_WARN_INT_CONVERSION = YES;
				CLANG_WARN_NON_LITERAL_NULL_CONVERSION = YES;
				CLANG_WARN_OBJC_IMPLICIT_RETAIN_SELF = YES;
				CLANG_WARN_OBJC_LITERAL_CONVERSION = YES;
				CLANG_WARN_OBJC_ROOT_CLASS = YES_ERROR;
				CLANG_WARN_QUOTED_INCLUDE_IN_FRAMEWORK_HEADER = YES;
				CLANG_WARN_RANGE_LOOP_ANALYSIS = YES;
				CLANG_WARN_STRICT_PROTOTYPES = YES;
				CLANG_WARN_SUSPICIOUS_MOVE = YES;
				CLANG_WARN_UNGUARDED_AVAILABILITY = YES_AGGRESSIVE;
				CLANG_WARN_UNREACHABLE_CODE = YES;
				CLANG_WARN__DUPLICATE_METHOD_MATCH = YES;
				COPY_PHASE_STRIP = NO;
				DEBUG_INFORMATION_FORMAT = "dwarf-with-dsym";
				ENABLE_NS_ASSERTIONS = NO;
				ENABLE_STRICT_OBJC_MSGSEND = YES;
				ENABLE_USER_SCRIPT_SANDBOXING = YES;
				GCC_C_LANGUAGE_STANDARD = gnu17;
				GCC_NO_COMMON_BLOCKS = YES;
				GCC_WARN_64_TO_32_BIT_CONVERSION = YES;
				GCC_WARN_ABOUT_RETURN_TYPE = YES_ERROR;
				GCC_WARN_UNDECLARED_SELECTOR = YES;
				GCC_WARN_UNINITIALIZED_AUTOS = YES_AGGRESSIVE;
				GCC_WARN_UNUSED_FUNCTION = YES;
				GCC_WARN_UNUSED_VARIABLE = YES;
				IPHONEOS_DEPLOYMENT_TARGET = 17.5;
				LOCALIZATION_PREFERS_STRING_CATALOGS = YES;
				MTL_ENABLE_DEBUG_INFO = NO;
				MTL_FAST_MATH = YES;
				SDKROOT = iphoneos;
				SWIFT_COMPILATION_MODE = wholemodule;
				VALIDATE_PRODUCT = YES;
			};
			name = Release;
		};
		D70A8EA12C98DEAE00FA5934 /* Debug */ = {
			isa = XCBuildConfiguration;
			buildSettings = {
				ASSETCATALOG_COMPILER_APPICON_NAME = AppIcon;
				ASSETCATALOG_COMPILER_GLOBAL_ACCENT_COLOR_NAME = AccentColor;
				CODE_SIGN_STYLE = Automatic;
				CURRENT_PROJECT_VERSION = 1;
				GENERATE_INFOPLIST_FILE = YES;
				INFOPLIST_FILE = WeatherApp/Info.plist;
				INFOPLIST_KEY_NSLocationWhenInUseUsageDescription = "We need your location to provide personalized weather information.";
				INFOPLIST_KEY_UIApplicationSupportsIndirectInputEvents = YES;
				INFOPLIST_KEY_UILaunchStoryboardName = LaunchScreen;
				INFOPLIST_KEY_UIMainStoryboardFile = Main;
				INFOPLIST_KEY_UISupportedInterfaceOrientations_iPad = "UIInterfaceOrientationPortrait UIInterfaceOrientationPortraitUpsideDown UIInterfaceOrientationLandscapeLeft UIInterfaceOrientationLandscapeRight";
				INFOPLIST_KEY_UISupportedInterfaceOrientations_iPhone = "UIInterfaceOrientationPortrait UIInterfaceOrientationLandscapeLeft UIInterfaceOrientationLandscapeRight";
				LD_RUNPATH_SEARCH_PATHS = (
					"$(inherited)",
					"@executable_path/Frameworks",
				);
				MARKETING_VERSION = 1.0;
				PRODUCT_BUNDLE_IDENTIFIER = camasFredy.com.WeatherApp;
				PRODUCT_NAME = "$(TARGET_NAME)";
				SWIFT_EMIT_LOC_STRINGS = YES;
				SWIFT_VERSION = 5.0;
				TARGETED_DEVICE_FAMILY = "1,2";
			};
			name = Debug;
		};
		D70A8EA22C98DEAE00FA5934 /* Release */ = {
			isa = XCBuildConfiguration;
			buildSettings = {
				ASSETCATALOG_COMPILER_APPICON_NAME = AppIcon;
				ASSETCATALOG_COMPILER_GLOBAL_ACCENT_COLOR_NAME = AccentColor;
				CODE_SIGN_STYLE = Automatic;
				CURRENT_PROJECT_VERSION = 1;
				GENERATE_INFOPLIST_FILE = YES;
				INFOPLIST_FILE = WeatherApp/Info.plist;
				INFOPLIST_KEY_NSLocationWhenInUseUsageDescription = "We need your location to provide personalized weather information.";
				INFOPLIST_KEY_UIApplicationSupportsIndirectInputEvents = YES;
				INFOPLIST_KEY_UILaunchStoryboardName = LaunchScreen;
				INFOPLIST_KEY_UIMainStoryboardFile = Main;
				INFOPLIST_KEY_UISupportedInterfaceOrientations_iPad = "UIInterfaceOrientationPortrait UIInterfaceOrientationPortraitUpsideDown UIInterfaceOrientationLandscapeLeft UIInterfaceOrientationLandscapeRight";
				INFOPLIST_KEY_UISupportedInterfaceOrientations_iPhone = "UIInterfaceOrientationPortrait UIInterfaceOrientationLandscapeLeft UIInterfaceOrientationLandscapeRight";
				LD_RUNPATH_SEARCH_PATHS = (
					"$(inherited)",
					"@executable_path/Frameworks",
				);
				MARKETING_VERSION = 1.0;
				PRODUCT_BUNDLE_IDENTIFIER = camasFredy.com.WeatherApp;
				PRODUCT_NAME = "$(TARGET_NAME)";
				SWIFT_EMIT_LOC_STRINGS = YES;
				SWIFT_VERSION = 5.0;
				TARGETED_DEVICE_FAMILY = "1,2";
			};
			name = Release;
		};
		D70A8EA42C98DEAE00FA5934 /* Debug */ = {
			isa = XCBuildConfiguration;
			buildSettings = {
				ALWAYS_EMBED_SWIFT_STANDARD_LIBRARIES = YES;
				BUNDLE_LOADER = "$(TEST_HOST)";
				CODE_SIGN_STYLE = Automatic;
				CURRENT_PROJECT_VERSION = 1;
				GENERATE_INFOPLIST_FILE = YES;
				IPHONEOS_DEPLOYMENT_TARGET = 17.5;
				MARKETING_VERSION = 1.0;
				PRODUCT_BUNDLE_IDENTIFIER = camasFredy.com.WeatherAppTests;
				PRODUCT_NAME = "$(TARGET_NAME)";
				SWIFT_EMIT_LOC_STRINGS = NO;
				SWIFT_VERSION = 5.0;
				TARGETED_DEVICE_FAMILY = "1,2";
				TEST_HOST = "$(BUILT_PRODUCTS_DIR)/WeatherApp.app/$(BUNDLE_EXECUTABLE_FOLDER_PATH)/WeatherApp";
			};
			name = Debug;
		};
		D70A8EA52C98DEAE00FA5934 /* Release */ = {
			isa = XCBuildConfiguration;
			buildSettings = {
				ALWAYS_EMBED_SWIFT_STANDARD_LIBRARIES = YES;
				BUNDLE_LOADER = "$(TEST_HOST)";
				CODE_SIGN_STYLE = Automatic;
				CURRENT_PROJECT_VERSION = 1;
				GENERATE_INFOPLIST_FILE = YES;
				IPHONEOS_DEPLOYMENT_TARGET = 17.5;
				MARKETING_VERSION = 1.0;
				PRODUCT_BUNDLE_IDENTIFIER = camasFredy.com.WeatherAppTests;
				PRODUCT_NAME = "$(TARGET_NAME)";
				SWIFT_EMIT_LOC_STRINGS = NO;
				SWIFT_VERSION = 5.0;
				TARGETED_DEVICE_FAMILY = "1,2";
				TEST_HOST = "$(BUILT_PRODUCTS_DIR)/WeatherApp.app/$(BUNDLE_EXECUTABLE_FOLDER_PATH)/WeatherApp";
			};
			name = Release;
		};
		D70A8EA72C98DEAE00FA5934 /* Debug */ = {
			isa = XCBuildConfiguration;
			buildSettings = {
				ALWAYS_EMBED_SWIFT_STANDARD_LIBRARIES = YES;
				CODE_SIGN_STYLE = Automatic;
				CURRENT_PROJECT_VERSION = 1;
				GENERATE_INFOPLIST_FILE = YES;
				MARKETING_VERSION = 1.0;
				PRODUCT_BUNDLE_IDENTIFIER = camasFredy.com.WeatherAppUITests;
				PRODUCT_NAME = "$(TARGET_NAME)";
				SWIFT_EMIT_LOC_STRINGS = NO;
				SWIFT_VERSION = 5.0;
				TARGETED_DEVICE_FAMILY = "1,2";
				TEST_TARGET_NAME = WeatherApp;
			};
			name = Debug;
		};
		D70A8EA82C98DEAE00FA5934 /* Release */ = {
			isa = XCBuildConfiguration;
			buildSettings = {
				ALWAYS_EMBED_SWIFT_STANDARD_LIBRARIES = YES;
				CODE_SIGN_STYLE = Automatic;
				CURRENT_PROJECT_VERSION = 1;
				GENERATE_INFOPLIST_FILE = YES;
				MARKETING_VERSION = 1.0;
				PRODUCT_BUNDLE_IDENTIFIER = camasFredy.com.WeatherAppUITests;
				PRODUCT_NAME = "$(TARGET_NAME)";
				SWIFT_EMIT_LOC_STRINGS = NO;
				SWIFT_VERSION = 5.0;
				TARGETED_DEVICE_FAMILY = "1,2";
				TEST_TARGET_NAME = WeatherApp;
			};
			name = Release;
		};
/* End XCBuildConfiguration section */

/* Begin XCConfigurationList section */
		D70A8E712C98DEAD00FA5934 /* Build configuration list for PBXProject "WeatherApp" */ = {
			isa = XCConfigurationList;
			buildConfigurations = (
				D70A8E9E2C98DEAE00FA5934 /* Debug */,
				D70A8E9F2C98DEAE00FA5934 /* Release */,
			);
			defaultConfigurationIsVisible = 0;
			defaultConfigurationName = Release;
		};
		D70A8EA02C98DEAE00FA5934 /* Build configuration list for PBXNativeTarget "WeatherApp" */ = {
			isa = XCConfigurationList;
			buildConfigurations = (
				D70A8EA12C98DEAE00FA5934 /* Debug */,
				D70A8EA22C98DEAE00FA5934 /* Release */,
			);
			defaultConfigurationIsVisible = 0;
			defaultConfigurationName = Release;
		};
		D70A8EA32C98DEAE00FA5934 /* Build configuration list for PBXNativeTarget "WeatherAppTests" */ = {
			isa = XCConfigurationList;
			buildConfigurations = (
				D70A8EA42C98DEAE00FA5934 /* Debug */,
				D70A8EA52C98DEAE00FA5934 /* Release */,
			);
			defaultConfigurationIsVisible = 0;
			defaultConfigurationName = Release;
		};
		D70A8EA62C98DEAE00FA5934 /* Build configuration list for PBXNativeTarget "WeatherAppUITests" */ = {
			isa = XCConfigurationList;
			buildConfigurations = (
				D70A8EA72C98DEAE00FA5934 /* Debug */,
				D70A8EA82C98DEAE00FA5934 /* Release */,
			);
			defaultConfigurationIsVisible = 0;
			defaultConfigurationName = Release;
		};
/* End XCConfigurationList section */
	};
	rootObject = D70A8E6E2C98DEAD00FA5934 /* Project object */;
}
